// !$*UTF8*$!
{
	archiveVersion = 1;
	classes = {
	};
	objectVersion = 56;
	objects = {

/* Begin PBXBuildFile section */
		EEC4C2702A40D4CF00A119ED /* AppDelegate.swift in Sources */ = {isa = PBXBuildFile; fileRef = EEC4C26F2A40D4CF00A119ED /* AppDelegate.swift */; };
		EEC4C2722A40D4CF00A119ED /* SceneDelegate.swift in Sources */ = {isa = PBXBuildFile; fileRef = EEC4C2712A40D4CF00A119ED /* SceneDelegate.swift */; };
		EEC4C2742A40D4CF00A119ED /* ViewController.swift in Sources */ = {isa = PBXBuildFile; fileRef = EEC4C2732A40D4CF00A119ED /* ViewController.swift */; };
		EEC4C2792A40D4D000A119ED /* Assets.xcassets in Resources */ = {isa = PBXBuildFile; fileRef = EEC4C2782A40D4D000A119ED /* Assets.xcassets */; };
		EEC4C27C2A40D4D000A119ED /* LaunchScreen.storyboard in Resources */ = {isa = PBXBuildFile; fileRef = EEC4C27A2A40D4D000A119ED /* LaunchScreen.storyboard */; };
		EEC4C2842A40D7A100A119ED /* MealsViewController.swift in Sources */ = {isa = PBXBuildFile; fileRef = EEC4C2832A40D7A100A119ED /* MealsViewController.swift */; };
		EEC4C2862A40D7E100A119ED /* MealsTableViewCell.swift in Sources */ = {isa = PBXBuildFile; fileRef = EEC4C2852A40D7E100A119ED /* MealsTableViewCell.swift */; };
		EEC4C2882A40F4E500A119ED /* Meal.swift in Sources */ = {isa = PBXBuildFile; fileRef = EEC4C2872A40F4E500A119ED /* Meal.swift */; };
		EEC4C28A2A40F9B600A119ED /* NetworkService.swift in Sources */ = {isa = PBXBuildFile; fileRef = EEC4C2892A40F9B600A119ED /* NetworkService.swift */; };
/* End PBXBuildFile section */

/* Begin PBXFileReference section */
		EEC4C26C2A40D4CF00A119ED /* themealdbspp.app */ = {isa = PBXFileReference; explicitFileType = wrapper.application; includeInIndex = 0; path = themealdbspp.app; sourceTree = BUILT_PRODUCTS_DIR; };
		EEC4C26F2A40D4CF00A119ED /* AppDelegate.swift */ = {isa = PBXFileReference; lastKnownFileType = sourcecode.swift; path = AppDelegate.swift; sourceTree = "<group>"; };
		EEC4C2712A40D4CF00A119ED /* SceneDelegate.swift */ = {isa = PBXFileReference; lastKnownFileType = sourcecode.swift; path = SceneDelegate.swift; sourceTree = "<group>"; };
		EEC4C2732A40D4CF00A119ED /* ViewController.swift */ = {isa = PBXFileReference; lastKnownFileType = sourcecode.swift; path = ViewController.swift; sourceTree = "<group>"; };
		EEC4C2782A40D4D000A119ED /* Assets.xcassets */ = {isa = PBXFileReference; lastKnownFileType = folder.assetcatalog; path = Assets.xcassets; sourceTree = "<group>"; };
		EEC4C27B2A40D4D000A119ED /* Base */ = {isa = PBXFileReference; lastKnownFileType = file.storyboard; name = Base; path = Base.lproj/LaunchScreen.storyboard; sourceTree = "<group>"; };
		EEC4C27D2A40D4D000A119ED /* Info.plist */ = {isa = PBXFileReference; lastKnownFileType = text.plist.xml; path = Info.plist; sourceTree = "<group>"; };
		EEC4C2832A40D7A100A119ED /* MealsViewController.swift */ = {isa = PBXFileReference; lastKnownFileType = sourcecode.swift; path = MealsViewController.swift; sourceTree = "<group>"; };
		EEC4C2852A40D7E100A119ED /* MealsTableViewCell.swift */ = {isa = PBXFileReference; lastKnownFileType = sourcecode.swift; path = MealsTableViewCell.swift; sourceTree = "<group>"; };
		EEC4C2872A40F4E500A119ED /* Meal.swift */ = {isa = PBXFileReference; lastKnownFileType = sourcecode.swift; path = Meal.swift; sourceTree = "<group>"; };
		EEC4C2892A40F9B600A119ED /* NetworkService.swift */ = {isa = PBXFileReference; lastKnownFileType = sourcecode.swift; path = NetworkService.swift; sourceTree = "<group>"; };
/* End PBXFileReference section */

/* Begin PBXFrameworksBuildPhase section */
		EEC4C2692A40D4CF00A119ED /* Frameworks */ = {
			isa = PBXFrameworksBuildPhase;
			buildActionMask = 2147483647;
			files = (
			);
			runOnlyForDeploymentPostprocessing = 0;
		};
/* End PBXFrameworksBuildPhase section */

/* Begin PBXGroup section */
		EEC4C2632A40D4CF00A119ED = {
			isa = PBXGroup;
			children = (
				EEC4C26E2A40D4CF00A119ED /* themealdbspp */,
				EEC4C26D2A40D4CF00A119ED /* Products */,
			);
			sourceTree = "<group>";
		};
		EEC4C26D2A40D4CF00A119ED /* Products */ = {
			isa = PBXGroup;
			children = (
				EEC4C26C2A40D4CF00A119ED /* themealdbspp.app */,
			);
			name = Products;
			sourceTree = "<group>";
		};
		EEC4C26E2A40D4CF00A119ED /* themealdbspp */ = {
			isa = PBXGroup;
			children = (
				EEC4C26F2A40D4CF00A119ED /* AppDelegate.swift */,
				EEC4C2712A40D4CF00A119ED /* SceneDelegate.swift */,
				EEC4C2732A40D4CF00A119ED /* ViewController.swift */,
				EEC4C2782A40D4D000A119ED /* Assets.xcassets */,
				EEC4C27A2A40D4D000A119ED /* LaunchScreen.storyboard */,
				EEC4C27D2A40D4D000A119ED /* Info.plist */,
				EEC4C2832A40D7A100A119ED /* MealsViewController.swift */,
				EEC4C2852A40D7E100A119ED /* MealsTableViewCell.swift */,
				EEC4C2872A40F4E500A119ED /* Meal.swift */,
				EEC4C2892A40F9B600A119ED /* NetworkService.swift */,
			);
			path = themealdbspp;
			sourceTree = "<group>";
		};
/* End PBXGroup section */

/* Begin PBXNativeTarget section */
		EEC4C26B2A40D4CF00A119ED /* themealdbspp */ = {
			isa = PBXNativeTarget;
			buildConfigurationList = EEC4C2802A40D4D000A119ED /* Build configuration list for PBXNativeTarget "themealdbspp" */;
			buildPhases = (
				EEC4C2682A40D4CF00A119ED /* Sources */,
				EEC4C2692A40D4CF00A119ED /* Frameworks */,
				EEC4C26A2A40D4CF00A119ED /* Resources */,
			);
			buildRules = (
			);
			dependencies = (
			);
			name = themealdbspp;
			productName = themealdbspp;
			productReference = EEC4C26C2A40D4CF00A119ED /* themealdbspp.app */;
			productType = "com.apple.product-type.application";
		};
/* End PBXNativeTarget section */

/* Begin PBXProject section */
		EEC4C2642A40D4CF00A119ED /* Project object */ = {
			isa = PBXProject;
			attributes = {
				BuildIndependentTargetsInParallel = 1;
				LastSwiftUpdateCheck = 1430;
				LastUpgradeCheck = 1430;
				TargetAttributes = {
					EEC4C26B2A40D4CF00A119ED = {
						CreatedOnToolsVersion = 14.3.1;
					};
				};
			};
			buildConfigurationList = EEC4C2672A40D4CF00A119ED /* Build configuration list for PBXProject "themealdbspp" */;
			compatibilityVersion = "Xcode 14.0";
			developmentRegion = en;
			hasScannedForEncodings = 0;
			knownRegions = (
				en,
				Base,
			);
			mainGroup = EEC4C2632A40D4CF00A119ED;
			productRefGroup = EEC4C26D2A40D4CF00A119ED /* Products */;
			projectDirPath = "";
			projectRoot = "";
			targets = (
				EEC4C26B2A40D4CF00A119ED /* themealdbspp */,
			);
		};
/* End PBXProject section */

/* Begin PBXResourcesBuildPhase section */
		EEC4C26A2A40D4CF00A119ED /* Resources */ = {
			isa = PBXResourcesBuildPhase;
			buildActionMask = 2147483647;
			files = (
				EEC4C27C2A40D4D000A119ED /* LaunchScreen.storyboard in Resources */,
				EEC4C2792A40D4D000A119ED /* Assets.xcassets in Resources */,
			);
			runOnlyForDeploymentPostprocessing = 0;
		};
/* End PBXResourcesBuildPhase section */

/* Begin PBXSourcesBuildPhase section */
		EEC4C2682A40D4CF00A119ED /* Sources */ = {
			isa = PBXSourcesBuildPhase;
			buildActionMask = 2147483647;
			files = (
				EEC4C2742A40D4CF00A119ED /* ViewController.swift in Sources */,
				EEC4C2842A40D7A100A119ED /* MealsViewController.swift in Sources */,
				EEC4C2702A40D4CF00A119ED /* AppDelegate.swift in Sources */,
				EEC4C2722A40D4CF00A119ED /* SceneDelegate.swift in Sources */,
				EEC4C2882A40F4E500A119ED /* Meal.swift in Sources */,
				EEC4C2862A40D7E100A119ED /* MealsTableViewCell.swift in Sources */,
				EEC4C28A2A40F9B600A119ED /* NetworkService.swift in Sources */,
			);
			runOnlyForDeploymentPostprocessing = 0;
		};
/* End PBXSourcesBuildPhase section */

/* Begin PBXVariantGroup section */
		EEC4C27A2A40D4D000A119ED /* LaunchScreen.storyboard */ = {
			isa = PBXVariantGroup;
			children = (
				EEC4C27B2A40D4D000A119ED /* Base */,
			);
			name = LaunchScreen.storyboard;
			sourceTree = "<group>";
		};
/* End PBXVariantGroup section */

/* Begin XCBuildConfiguration section */
		EEC4C27E2A40D4D000A119ED /* Debug */ = {
			isa = XCBuildConfiguration;
			buildSettings = {
				ALWAYS_SEARCH_USER_PATHS = NO;
				CLANG_ANALYZER_NONNULL = YES;
				CLANG_ANALYZER_NUMBER_OBJECT_CONVERSION = YES_AGGRESSIVE;
				CLANG_CXX_LANGUAGE_STANDARD = "gnu++20";
				CLANG_ENABLE_MODULES = YES;
				CLANG_ENABLE_OBJC_ARC = YES;
				CLANG_ENABLE_OBJC_WEAK = YES;
				CLANG_WARN_BLOCK_CAPTURE_AUTORELEASING = YES;
				CLANG_WARN_BOOL_CONVERSION = YES;
				CLANG_WARN_COMMA = YES;
				CLANG_WARN_CONSTANT_CONVERSION = YES;
				CLANG_WARN_DEPRECATED_OBJC_IMPLEMENTATIONS = YES;
				CLANG_WARN_DIRECT_OBJC_ISA_USAGE = YES_ERROR;
				CLANG_WARN_DOCUMENTATION_COMMENTS = YES;
				CLANG_WARN_EMPTY_BODY = YES;
				CLANG_WARN_ENUM_CONVERSION = YES;
				CLANG_WARN_INFINITE_RECURSION = YES;
				CLANG_WARN_INT_CONVERSION = YES;
				CLANG_WARN_NON_LITERAL_NULL_CONVERSION = YES;
				CLANG_WARN_OBJC_IMPLICIT_RETAIN_SELF = YES;
				CLANG_WARN_OBJC_LITERAL_CONVERSION = YES;
				CLANG_WARN_OBJC_ROOT_CLASS = YES_ERROR;
				CLANG_WARN_QUOTED_INCLUDE_IN_FRAMEWORK_HEADER = YES;
				CLANG_WARN_RANGE_LOOP_ANALYSIS = YES;
				CLANG_WARN_STRICT_PROTOTYPES = YES;
				CLANG_WARN_SUSPICIOUS_MOVE = YES;
				CLANG_WARN_UNGUARDED_AVAILABILITY = YES_AGGRESSIVE;
				CLANG_WARN_UNREACHABLE_CODE = YES;
				CLANG_WARN__DUPLICATE_METHOD_MATCH = YES;
				COPY_PHASE_STRIP = NO;
				DEBUG_INFORMATION_FORMAT = dwarf;
				ENABLE_STRICT_OBJC_MSGSEND = YES;
				ENABLE_TESTABILITY = YES;
				GCC_C_LANGUAGE_STANDARD = gnu11;
				GCC_DYNAMIC_NO_PIC = NO;
				GCC_NO_COMMON_BLOCKS = YES;
				GCC_OPTIMIZATION_LEVEL = 0;
				GCC_PREPROCESSOR_DEFINITIONS = (
					"DEBUG=1",
					"$(inherited)",
				);
				GCC_WARN_64_TO_32_BIT_CONVERSION = YES;
				GCC_WARN_ABOUT_RETURN_TYPE = YES_ERROR;
				GCC_WARN_UNDECLARED_SELECTOR = YES;
				GCC_WARN_UNINITIALIZED_AUTOS = YES_AGGRESSIVE;
				GCC_WARN_UNUSED_FUNCTION = YES;
				GCC_WARN_UNUSED_VARIABLE = YES;
				IPHONEOS_DEPLOYMENT_TARGET = 16.4;
				MTL_ENABLE_DEBUG_INFO = INCLUDE_SOURCE;
				MTL_FAST_MATH = YES;
				ONLY_ACTIVE_ARCH = YES;
				SDKROOT = iphoneos;
				SWIFT_ACTIVE_COMPILATION_CONDITIONS = DEBUG;
				SWIFT_OPTIMIZATION_LEVEL = "-Onone";
			};
			name = Debug;
		};
		EEC4C27F2A40D4D000A119ED /* Release */ = {
			isa = XCBuildConfiguration;
			buildSettings = {
				ALWAYS_SEARCH_USER_PATHS = NO;
				CLANG_ANALYZER_NONNULL = YES;
				CLANG_ANALYZER_NUMBER_OBJECT_CONVERSION = YES_AGGRESSIVE;
				CLANG_CXX_LANGUAGE_STANDARD = "gnu++20";
				CLANG_ENABLE_MODULES = YES;
				CLANG_ENABLE_OBJC_ARC = YES;
				CLANG_ENABLE_OBJC_WEAK = YES;
				CLANG_WARN_BLOCK_CAPTURE_AUTORELEASING = YES;
				CLANG_WARN_BOOL_CONVERSION = YES;
				CLANG_WARN_COMMA = YES;
				CLANG_WARN_CONSTANT_CONVERSION = YES;
				CLANG_WARN_DEPRECATED_OBJC_IMPLEMENTATIONS = YES;
				CLANG_WARN_DIRECT_OBJC_ISA_USAGE = YES_ERROR;
				CLANG_WARN_DOCUMENTATION_COMMENTS = YES;
				CLANG_WARN_EMPTY_BODY = YES;
				CLANG_WARN_ENUM_CONVERSION = YES;
				CLANG_WARN_INFINITE_RECURSION = YES;
				CLANG_WARN_INT_CONVERSION = YES;
				CLANG_WARN_NON_LITERAL_NULL_CONVERSION = YES;
				CLANG_WARN_OBJC_IMPLICIT_RETAIN_SELF = YES;
				CLANG_WARN_OBJC_LITERAL_CONVERSION = YES;
				CLANG_WARN_OBJC_ROOT_CLASS = YES_ERROR;
				CLANG_WARN_QUOTED_INCLUDE_IN_FRAMEWORK_HEADER = YES;
				CLANG_WARN_RANGE_LOOP_ANALYSIS = YES;
				CLANG_WARN_STRICT_PROTOTYPES = YES;
				CLANG_WARN_SUSPICIOUS_MOVE = YES;
				CLANG_WARN_UNGUARDED_AVAILABILITY = YES_AGGRESSIVE;
				CLANG_WARN_UNREACHABLE_CODE = YES;
				CLANG_WARN__DUPLICATE_METHOD_MATCH = YES;
				COPY_PHASE_STRIP = NO;
				DEBUG_INFORMATION_FORMAT = "dwarf-with-dsym";
				ENABLE_NS_ASSERTIONS = NO;
				ENABLE_STRICT_OBJC_MSGSEND = YES;
				GCC_C_LANGUAGE_STANDARD = gnu11;
				GCC_NO_COMMON_BLOCKS = YES;
				GCC_WARN_64_TO_32_BIT_CONVERSION = YES;
				GCC_WARN_ABOUT_RETURN_TYPE = YES_ERROR;
				GCC_WARN_UNDECLARED_SELECTOR = YES;
				GCC_WARN_UNINITIALIZED_AUTOS = YES_AGGRESSIVE;
				GCC_WARN_UNUSED_FUNCTION = YES;
				GCC_WARN_UNUSED_VARIABLE = YES;
				IPHONEOS_DEPLOYMENT_TARGET = 16.4;
				MTL_ENABLE_DEBUG_INFO = NO;
				MTL_FAST_MATH = YES;
				SDKROOT = iphoneos;
				SWIFT_COMPILATION_MODE = wholemodule;
				SWIFT_OPTIMIZATION_LEVEL = "-O";
				VALIDATE_PRODUCT = YES;
			};
			name = Release;
		};
		EEC4C2812A40D4D000A119ED /* Debug */ = {
			isa = XCBuildConfiguration;
			buildSettings = {
				ASSETCATALOG_COMPILER_APPICON_NAME = AppIcon;
				ASSETCATALOG_COMPILER_GLOBAL_ACCENT_COLOR_NAME = AccentColor;
				CODE_SIGN_STYLE = Automatic;
				CURRENT_PROJECT_VERSION = 1;
				DEVELOPMENT_TEAM = 93HRNBA952;
				GENERATE_INFOPLIST_FILE = YES;
				INFOPLIST_FILE = themealdbspp/Info.plist;
				INFOPLIST_KEY_UIApplicationSupportsIndirectInputEvents = YES;
				INFOPLIST_KEY_UILaunchStoryboardName = LaunchScreen;
				INFOPLIST_KEY_UISupportedInterfaceOrientations_iPad = "UIInterfaceOrientationPortrait UIInterfaceOrientationPortraitUpsideDown UIInterfaceOrientationLandscapeLeft UIInterfaceOrientationLandscapeRight";
				INFOPLIST_KEY_UISupportedInterfaceOrientations_iPhone = "UIInterfaceOrientationPortrait UIInterfaceOrientationLandscapeLeft UIInterfaceOrientationLandscapeRight";
				LD_RUNPATH_SEARCH_PATHS = (
					"$(inherited)",
					"@executable_path/Frameworks",
				);
				MARKETING_VERSION = 1.0;
				PRODUCT_BUNDLE_IDENTIFIER = com.kwakudapaah.themealdbspp;
				PRODUCT_NAME = "$(TARGET_NAME)";
				SWIFT_EMIT_LOC_STRINGS = YES;
				SWIFT_VERSION = 5.0;
				TARGETED_DEVICE_FAMILY = "1,2";
			};
			name = Debug;
		};
		EEC4C2822A40D4D000A119ED /* Release */ = {
			isa = XCBuildConfiguration;
			buildSettings = {
				ASSETCATALOG_COMPILER_APPICON_NAME = AppIcon;
				ASSETCATALOG_COMPILER_GLOBAL_ACCENT_COLOR_NAME = AccentColor;
				CODE_SIGN_STYLE = Automatic;
				CURRENT_PROJECT_VERSION = 1;
				DEVELOPMENT_TEAM = 93HRNBA952;
				GENERATE_INFOPLIST_FILE = YES;
				INFOPLIST_FILE = themealdbspp/Info.plist;
				INFOPLIST_KEY_UIApplicationSupportsIndirectInputEvents = YES;
				INFOPLIST_KEY_UILaunchStoryboardName = LaunchScreen;
				INFOPLIST_KEY_UISupportedInterfaceOrientations_iPad = "UIInterfaceOrientationPortrait UIInterfaceOrientationPortraitUpsideDown UIInterfaceOrientationLandscapeLeft UIInterfaceOrientationLandscapeRight";
				INFOPLIST_KEY_UISupportedInterfaceOrientations_iPhone = "UIInterfaceOrientationPortrait UIInterfaceOrientationLandscapeLeft UIInterfaceOrientationLandscapeRight";
				LD_RUNPATH_SEARCH_PATHS = (
					"$(inherited)",
					"@executable_path/Frameworks",
				);
				MARKETING_VERSION = 1.0;
				PRODUCT_BUNDLE_IDENTIFIER = com.kwakudapaah.themealdbspp;
				PRODUCT_NAME = "$(TARGET_NAME)";
				SWIFT_EMIT_LOC_STRINGS = YES;
				SWIFT_VERSION = 5.0;
				TARGETED_DEVICE_FAMILY = "1,2";
			};
			name = Release;
		};
/* End XCBuildConfiguration section */

/* Begin XCConfigurationList section */
		EEC4C2672A40D4CF00A119ED /* Build configuration list for PBXProject "themealdbspp" */ = {
			isa = XCConfigurationList;
			buildConfigurations = (
				EEC4C27E2A40D4D000A119ED /* Debug */,
				EEC4C27F2A40D4D000A119ED /* Release */,
			);
			defaultConfigurationIsVisible = 0;
			defaultConfigurationName = Release;
		};
		EEC4C2802A40D4D000A119ED /* Build configuration list for PBXNativeTarget "themealdbspp" */ = {
			isa = XCConfigurationList;
			buildConfigurations = (
				EEC4C2812A40D4D000A119ED /* Debug */,
				EEC4C2822A40D4D000A119ED /* Release */,
			);
			defaultConfigurationIsVisible = 0;
			defaultConfigurationName = Release;
		};
/* End XCConfigurationList section */
	};
	rootObject = EEC4C2642A40D4CF00A119ED /* Project object */;
}
